lockfileVersion: '9.0'

settings:
  autoInstallPeers: true
  excludeLinksFromLockfile: false

importers:

  .:
    dependencies:
      p5:
        specifier: ^1.11.2
        version: 1.11.2

packages:

  p5@1.11.2:
    resolution: {integrity: sha512-kvtMTmxJexkbfuaVThg/1JE6iQyS8tTAqGE1UGbfApKUIzDc5hHM23hc08FV3jG0jlNS2En9kqZDb4FrJ8x+kg==}

snapshots:

  p5@1.11.2: {}
